lockfileVersion: '9.0'

settings:
  autoInstallPeers: true
  excludeLinksFromLockfile: false

importers:

  .:
    devDependencies:
      '@deepseek-ai/cordis':
        specifier: 4.0.1
        version: 4.0.1
      '@deepseek-ai/dsh-brand':
        specifier: 0.1.5-rc.1
        version: 0.1.5-rc.1(@deepseek-ai/cordis@4.0.1)
      '@deepseek-ai/dsh-invariants':
        specifier: 0.1.5-rc.1
        version: 0.1.5-rc.1(@deepseek-ai/cordis@4.0.1)
      '@deepseek-ai/dsh-settings':
        specifier: 0.1.5-rc.1
        version: 0.1.5-rc.1(@deepseek-ai/cordis@4.0.1)(@deepseek-ai/dsh-brand@0.1.5-rc.1(@deepseek-ai/cordis@4.0.1))(@deepseek-ai/dsh-invariants@0.1.5-rc.1(@deepseek-ai/cordis@4.0.1))(@deepseek-ai/dsh-session@0.1.5-rc.1(@deepseek-ai/cordis@4.0.1)(@deepseek-ai/dsh-scope@0.1.5-rc.1(@deepseek-ai/cordis@4.0.1)(@deepseek-ai/dsh-invariants@0.1.5-rc.1(@deepseek-ai/cordis@4.0.1))))(@deepseek-ai/schemastery@3.18.1)
      '@deepseek-ai/schemastery':
        specifier: 3.18.1
        version: 3.18.1

packages:

  '@deepseek-ai/cordis@4.0.1':
    resolution: {integrity: sha512-YBdskTU2Po1kru3GgcUWUbkTsPMA9LkSQDAY8rBkFJeajdgcQad3QPJZE26JyK99Xb6HaASvoXg2DSUTeN/0Nw==}
    hasBin: true
    peerDependencies:
      '@deepseek-ai/cordis-plugin-include': ^1.0.6
      '@deepseek-ai/cordis-plugin-loader': ^1.0.2
    peerDependenciesMeta:
      '@deepseek-ai/cordis-plugin-include':
        optional: true
      '@deepseek-ai/cordis-plugin-loader':
        optional: true

  '@deepseek-ai/cosmokit@1.8.2':
    resolution: {integrity: sha512-muBOKtSrUKU5m/xpq8ZXWL6hQ/jgd4PhU2PqH97bcxIiLEJfNwZOGQEx4t/aS/GgxRAR+ra9pMHPMtTHU4sqqA==}

  '@deepseek-ai/cosmokit@1.8.3':
    resolution: {integrity: sha512-qBo+ronVM6Eu2WNVJXi8JcMiqZ19T9BRIpV+5qJUFPXjGH/Z0QKcQMC/IZJ7L394YTOtJgcovbk9qP0w2GsBXQ==}

  '@deepseek-ai/dsh-brand@0.1.5-rc.1':
    resolution: {integrity: sha512-nfEsuSNghhrcvjMnjlPU55Z60K/5FjCRY4ZJtnc0SHR0PgoMl7N9I9+y4t2kDMe3rnEKlH2UgIGIZ/msGOYvpg==}
    peerDependencies:
      '@deepseek-ai/cordis': ^4.0.2

  '@deepseek-ai/dsh-invariants@0.1.5-rc.1':
    resolution: {integrity: sha512-iXhJJ3r34NHFEWiuc5pxXlU19hPfNclvH9Ll0X7CzQ39Oh/4UlfO3DBlLpBU7T9fE/y7/UkuI1aRt+dNeiVQsQ==}
    peerDependencies:
      '@deepseek-ai/cordis': ^4.0.2

  '@deepseek-ai/dsh-llm@0.1.5-rc.1':
    resolution: {integrity: sha512-KPKJFTNLjURphuF4NlS8DRK94CUYL/dKB8Hzg/22jtxAFO2paX3ifL0vhdPq9xPbcyplaF7LYlf0+3+pXFTnTg==}
    peerDependencies:
      '@deepseek-ai/cordis': ^4.0.2

  '@deepseek-ai/dsh-scope@0.1.5-rc.1':
    resolution: {integrity: sha512-HU6AGzCCWSQUS9KoDBAPkyQqgUVp+iI9P5Zn0qzLJv3IOdt6cYvxgjt/rORryuQUR9AUj7CGFO3OYw833H7HWA==}
    peerDependencies:
      '@deepseek-ai/cordis': ^4.0.2
      '@deepseek-ai/dsh-invariants': ^0.1.5-rc.1

  '@deepseek-ai/dsh-session@0.1.5-rc.1':
    resolution: {integrity: sha512-0YBBrzkCbVEJolS/OpD0DZMSozmYxUTZopiG76MXInjOFBW9J4ca1a8WUjJjqelP1nJTmWGKXp92HcvNEny0Dg==}
    peerDependencies:
      '@deepseek-ai/cordis': ^4.0.2
      '@deepseek-ai/dsh-scope': ^0.1.5-rc.1

  '@deepseek-ai/dsh-settings@0.1.5-rc.1':
    resolution: {integrity: sha512-9t6JlHwnMu7qTHpMVVRLyzfi7yWKlDozmh7Xbjjd5mmzY+dSdKTPsoRGSdGgTLvBMQBi0X2O8Kj2moDp30XKGg==}
    peerDependencies:
      '@deepseek-ai/cordis': ^4.0.2
      '@deepseek-ai/dsh-brand': ^0.1.5-rc.1
      '@deepseek-ai/dsh-invariants': ^0.1.5-rc.1
      '@deepseek-ai/dsh-session': ^0.1.5-rc.1
      '@deepseek-ai/schemastery': ^3.18.2

  '@deepseek-ai/dsh-timeout@0.1.5-rc.1':
    resolution: {integrity: sha512-BcV4y/uCIm82VlIwuGsbLjAZXOxRBmjwusi637MV25hJhhGuWaKoMqAa0D/Lcfqu8hU+g3vgGJdpQvhHnG8sgQ==}
    peerDependencies:
      '@deepseek-ai/cordis': ^4.0.2

  '@deepseek-ai/dsh-typert-protocol@0.1.5-rc.1':
    resolution: {integrity: sha512-HBxnSnvjiYPlir6An+/W+66dTRQnwpbNUbtOH6e5LHuV4CcHL5yrimTbMI04olJM9w2U9FyfwDOzmW6uqWjAew==}
    peerDependencies:
      '@deepseek-ai/cordis': ^4.0.2

  '@deepseek-ai/dsh-util-crypto@0.1.5-rc.1':
    resolution: {integrity: sha512-8ZosLrwbXdsWRlZ/0Yu85GMhKbFHqGD+ayiFzABXGb3sxfG6nbQQWKtv1sRr77wJ6wYvM2R9rPOg+EDWkGocqQ==}
    peerDependencies:
      '@deepseek-ai/cordis': ^4.0.2

  '@deepseek-ai/dsh-util-values@0.1.5-rc.1':
    resolution: {integrity: sha512-iHH62b+Mc0ueLHn1OQGLOC6+WMqjyK2+wxCkaiQGoGHBAyRGQBnBWiFAOGxp2xIElCXsc1mU1nrkN8D6jppYQg==}
    peerDependencies:
      '@deepseek-ai/cordis': ^4.0.2

  '@deepseek-ai/schemastery@3.18.1':
    resolution: {integrity: sha512-Qn0FCSwCQnpnj6SB31I6i2sIKgKWnkbJM8O0EU91Gv2UsYVvtZTl6IA0sCwk2e2MZf5S8w5hpq9QkeVvK9qwxg==}

  '@deepseek-ai/schemastery@3.18.2':
    resolution: {integrity: sha512-njDtZsznjYxok7KLLlHOPyuv2efdWVbSflAHgztSfbMsg+CVraEoRe2DjOCgClYv3ZCSm7WXoaUkbB/+RY7tWQ==}

  '@standard-schema/spec@1.1.0':
    resolution: {integrity: sha512-l2aFy5jALhniG5HgqrD6jXLi/rUWrKvqN/qJx6yoJsgKhblVd+iqqU4RCXavm/jPityDo5TCvKMnpjKnOriy0w==}

  zod@4.5.4:
    resolution: {integrity: sha512-sC95tT5iHHH9gtpj6A81kh+NEaRAUFN+qlUPDUbRfOMvNf5QCBqsb3WgvnpVtK5Y+4UfA6KqufotuTvMGiTlsA==}

snapshots:

  '@deepseek-ai/cordis@4.0.1':
    dependencies:
      '@deepseek-ai/cosmokit': 1.8.2
      '@standard-schema/spec': 1.1.0

  '@deepseek-ai/cosmokit@1.8.2': {}

  '@deepseek-ai/cosmokit@1.8.3': {}

  '@deepseek-ai/dsh-brand@0.1.5-rc.1(@deepseek-ai/cordis@4.0.1)':
    dependencies:
      '@deepseek-ai/cordis': 4.0.1

  '@deepseek-ai/dsh-invariants@0.1.5-rc.1(@deepseek-ai/cordis@4.0.1)':
    dependencies:
      '@deepseek-ai/cordis': 4.0.1
      '@deepseek-ai/schemastery': 3.18.2

  '@deepseek-ai/dsh-llm@0.1.5-rc.1(@deepseek-ai/cordis@4.0.1)':
    dependencies:
      '@deepseek-ai/cordis': 4.0.1
      '@deepseek-ai/dsh-brand': 0.1.5-rc.1(@deepseek-ai/cordis@4.0.1)
      '@deepseek-ai/dsh-timeout': 0.1.5-rc.1(@deepseek-ai/cordis@4.0.1)
      '@deepseek-ai/dsh-typert-protocol': 0.1.5-rc.1(@deepseek-ai/cordis@4.0.1)
      '@deepseek-ai/dsh-util-crypto': 0.1.5-rc.1(@deepseek-ai/cordis@4.0.1)
      '@deepseek-ai/dsh-util-values': 0.1.5-rc.1(@deepseek-ai/cordis@4.0.1)
      '@deepseek-ai/schemastery': 3.18.2
      zod: 4.5.4

  '@deepseek-ai/dsh-scope@0.1.5-rc.1(@deepseek-ai/cordis@4.0.1)(@deepseek-ai/dsh-invariants@0.1.5-rc.1(@deepseek-ai/cordis@4.0.1))':
    dependencies:
      '@deepseek-ai/cordis': 4.0.1
      '@deepseek-ai/dsh-invariants': 0.1.5-rc.1(@deepseek-ai/cordis@4.0.1)

  '@deepseek-ai/dsh-session@0.1.5-rc.1(@deepseek-ai/cordis@4.0.1)(@deepseek-ai/dsh-scope@0.1.5-rc.1(@deepseek-ai/cordis@4.0.1)(@deepseek-ai/dsh-invariants@0.1.5-rc.1(@deepseek-ai/cordis@4.0.1)))':
    dependencies:
      '@deepseek-ai/cordis': 4.0.1
      '@deepseek-ai/dsh-brand': 0.1.5-rc.1(@deepseek-ai/cordis@4.0.1)
      '@deepseek-ai/dsh-llm': 0.1.5-rc.1(@deepseek-ai/cordis@4.0.1)
      '@deepseek-ai/dsh-scope': 0.1.5-rc.1(@deepseek-ai/cordis@4.0.1)(@deepseek-ai/dsh-invariants@0.1.5-rc.1(@deepseek-ai/cordis@4.0.1))
      '@deepseek-ai/dsh-util-values': 0.1.5-rc.1(@deepseek-ai/cordis@4.0.1)

  '@deepseek-ai/dsh-settings@0.1.5-rc.1(@deepseek-ai/cordis@4.0.1)(@deepseek-ai/dsh-brand@0.1.5-rc.1(@deepseek-ai/cordis@4.0.1))(@deepseek-ai/dsh-invariants@0.1.5-rc.1(@deepseek-ai/cordis@4.0.1))(@deepseek-ai/dsh-session@0.1.5-rc.1(@deepseek-ai/cordis@4.0.1)(@deepseek-ai/dsh-scope@0.1.5-rc.1(@deepseek-ai/cordis@4.0.1)(@deepseek-ai/dsh-invariants@0.1.5-rc.1(@deepseek-ai/cordis@4.0.1))))(@deepseek-ai/schemastery@3.18.1)':
    dependencies:
      '@deepseek-ai/cordis': 4.0.1
      '@deepseek-ai/dsh-brand': 0.1.5-rc.1(@deepseek-ai/cordis@4.0.1)
      '@deepseek-ai/dsh-invariants': 0.1.5-rc.1(@deepseek-ai/cordis@4.0.1)
      '@deepseek-ai/dsh-session': 0.1.5-rc.1(@deepseek-ai/cordis@4.0.1)(@deepseek-ai/dsh-scope@0.1.5-rc.1(@deepseek-ai/cordis@4.0.1)(@deepseek-ai/dsh-invariants@0.1.5-rc.1(@deepseek-ai/cordis@4.0.1)))
      '@deepseek-ai/dsh-util-values': 0.1.5-rc.1(@deepseek-ai/cordis@4.0.1)
      '@deepseek-ai/schemastery': 3.18.1

  '@deepseek-ai/dsh-timeout@0.1.5-rc.1(@deepseek-ai/cordis@4.0.1)':
    dependencies:
      '@deepseek-ai/cordis': 4.0.1

  '@deepseek-ai/dsh-typert-protocol@0.1.5-rc.1(@deepseek-ai/cordis@4.0.1)':
    dependencies:
      '@deepseek-ai/cordis': 4.0.1

  '@deepseek-ai/dsh-util-crypto@0.1.5-rc.1(@deepseek-ai/cordis@4.0.1)':
    dependencies:
      '@deepseek-ai/cordis': 4.0.1

  '@deepseek-ai/dsh-util-values@0.1.5-rc.1(@deepseek-ai/cordis@4.0.1)':
    dependencies:
      '@deepseek-ai/cordis': 4.0.1

  '@deepseek-ai/schemastery@3.18.1':
    dependencies:
      '@deepseek-ai/cosmokit': 1.8.2
      '@standard-schema/spec': 1.1.0

  '@deepseek-ai/schemastery@3.18.2':
    dependencies:
      '@deepseek-ai/cosmokit': 1.8.3
      '@standard-schema/spec': 1.1.0

  '@standard-schema/spec@1.1.0': {}

  zod@4.5.4: {}
