lockfileVersion: '9.0'

settings:
  autoInstallPeers: true
  excludeLinksFromLockfile: false

importers:

  .:
    devDependencies:
      '@deepseek-ai/cordis':
        specifier: 4.0.1
        version: 4.0.1
      '@deepseek-ai/dsh-agent':
        specifier: 0.1.5-rc.1
        version: 0.1.5-rc.1(200ea6df83029a161f4c60b2c6c5626d)
      '@deepseek-ai/dsh-agent-loop':
        specifier: 0.1.5-rc.1
        version: 0.1.5-rc.1(255b839f1ca35bc651d75a2c495a8c9f)
      '@deepseek-ai/dsh-agent-loop-testkit':
        specifier: 0.1.5-rc.1
        version: 0.1.5-rc.1(544f9cf49e8f51d25aac967cd43f000e)
      '@deepseek-ai/dsh-attachment':
        specifier: 0.1.5-rc.1
        version: 0.1.5-rc.1(@deepseek-ai/cordis@4.0.1)(@deepseek-ai/dsh-brand@0.1.5-rc.1(@deepseek-ai/cordis@4.0.1))
      '@deepseek-ai/dsh-brand':
        specifier: 0.1.5-rc.1
        version: 0.1.5-rc.1(@deepseek-ai/cordis@4.0.1)
      '@deepseek-ai/dsh-code-runtime':
        specifier: 0.1.5-rc.1
        version: 0.1.5-rc.1(@deepseek-ai/cordis@4.0.1)
      '@deepseek-ai/dsh-invariants':
        specifier: 0.1.5-rc.1
        version: 0.1.5-rc.1(@deepseek-ai/cordis@4.0.1)
      '@deepseek-ai/dsh-llm':
        specifier: 0.1.5-rc.1
        version: 0.1.5-rc.1(@deepseek-ai/cordis@4.0.1)
      '@deepseek-ai/dsh-scope':
        specifier: 0.1.5-rc.1
        version: 0.1.5-rc.1(@deepseek-ai/cordis@4.0.1)(@deepseek-ai/dsh-invariants@0.1.5-rc.1(@deepseek-ai/cordis@4.0.1))
      '@deepseek-ai/dsh-session':
        specifier: 0.1.5-rc.1
        version: 0.1.5-rc.1(@deepseek-ai/cordis@4.0.1)(@deepseek-ai/dsh-scope@0.1.5-rc.1(@deepseek-ai/cordis@4.0.1)(@deepseek-ai/dsh-invariants@0.1.5-rc.1(@deepseek-ai/cordis@4.0.1)))
      '@deepseek-ai/dsh-session-persistence':
        specifier: 0.1.5-rc.1
        version: 0.1.5-rc.1(@deepseek-ai/cordis@4.0.1)(@deepseek-ai/dsh-brand@0.1.5-rc.1(@deepseek-ai/cordis@4.0.1))(@deepseek-ai/dsh-session@0.1.5-rc.1(@deepseek-ai/cordis@4.0.1)(@deepseek-ai/dsh-scope@0.1.5-rc.1(@deepseek-ai/cordis@4.0.1)(@deepseek-ai/dsh-invariants@0.1.5-rc.1(@deepseek-ai/cordis@4.0.1))))(@deepseek-ai/dsh-timeout@0.1.5-rc.1(@deepseek-ai/cordis@4.0.1))
      '@deepseek-ai/dsh-settings':
        specifier: 0.1.5-rc.1
        version: 0.1.5-rc.1(@deepseek-ai/cordis@4.0.1)(@deepseek-ai/dsh-brand@0.1.5-rc.1(@deepseek-ai/cordis@4.0.1))(@deepseek-ai/dsh-invariants@0.1.5-rc.1(@deepseek-ai/cordis@4.0.1))(@deepseek-ai/dsh-session@0.1.5-rc.1(@deepseek-ai/cordis@4.0.1)(@deepseek-ai/dsh-scope@0.1.5-rc.1(@deepseek-ai/cordis@4.0.1)(@deepseek-ai/dsh-invariants@0.1.5-rc.1(@deepseek-ai/cordis@4.0.1))))(@deepseek-ai/schemastery@3.18.2)
      '@deepseek-ai/dsh-storage':
        specifier: 0.1.5-rc.1
        version: 0.1.5-rc.1(@deepseek-ai/cordis@4.0.1)
      '@deepseek-ai/dsh-storage-domain':
        specifier: 0.1.5-rc.1
        version: 0.1.5-rc.1(@deepseek-ai/cordis@4.0.1)(@deepseek-ai/dsh-invariants@0.1.5-rc.1(@deepseek-ai/cordis@4.0.1))(@deepseek-ai/dsh-storage@0.1.5-rc.1(@deepseek-ai/cordis@4.0.1))
      '@deepseek-ai/dsh-system-prompt':
        specifier: 0.1.5-rc.1
        version: 0.1.5-rc.1(@deepseek-ai/cordis@4.0.1)(@deepseek-ai/dsh-invariants@0.1.5-rc.1(@deepseek-ai/cordis@4.0.1))(@deepseek-ai/dsh-llm@0.1.5-rc.1(@deepseek-ai/cordis@4.0.1))(@deepseek-ai/dsh-scope@0.1.5-rc.1(@deepseek-ai/cordis@4.0.1)(@deepseek-ai/dsh-invariants@0.1.5-rc.1(@deepseek-ai/cordis@4.0.1)))
      '@deepseek-ai/dsh-timeout':
        specifier: 0.1.5-rc.1
        version: 0.1.5-rc.1(@deepseek-ai/cordis@4.0.1)
      '@deepseek-ai/dsh-tools':
        specifier: 0.1.5-rc.1
        version: 0.1.5-rc.1(6b98f52fb6d29398e336a18132d5935a)
      '@deepseek-ai/dsh-typert-protocol':
        specifier: 0.1.5-rc.1
        version: 0.1.5-rc.1(@deepseek-ai/cordis@4.0.1)
      '@deepseek-ai/dsh-user-approval':
        specifier: 0.1.5-rc.1
        version: 0.1.5-rc.1(@deepseek-ai/cordis@4.0.1)(@deepseek-ai/dsh-agent@0.1.5-rc.1(200ea6df83029a161f4c60b2c6c5626d))(@deepseek-ai/dsh-brand@0.1.5-rc.1(@deepseek-ai/cordis@4.0.1))(@deepseek-ai/dsh-invariants@0.1.5-rc.1(@deepseek-ai/cordis@4.0.1))(@deepseek-ai/dsh-llm@0.1.5-rc.1(@deepseek-ai/cordis@4.0.1))(@deepseek-ai/dsh-scope@0.1.5-rc.1(@deepseek-ai/cordis@4.0.1)(@deepseek-ai/dsh-invariants@0.1.5-rc.1(@deepseek-ai/cordis@4.0.1)))(@deepseek-ai/dsh-session@0.1.5-rc.1(@deepseek-ai/cordis@4.0.1)(@deepseek-ai/dsh-scope@0.1.5-rc.1(@deepseek-ai/cordis@4.0.1)(@deepseek-ai/dsh-invariants@0.1.5-rc.1(@deepseek-ai/cordis@4.0.1))))(@deepseek-ai/dsh-system-prompt@0.1.5-rc.1(@deepseek-ai/cordis@4.0.1)(@deepseek-ai/dsh-invariants@0.1.5-rc.1(@deepseek-ai/cordis@4.0.1))(@deepseek-ai/dsh-llm@0.1.5-rc.1(@deepseek-ai/cordis@4.0.1))(@deepseek-ai/dsh-scope@0.1.5-rc.1(@deepseek-ai/cordis@4.0.1)(@deepseek-ai/dsh-invariants@0.1.5-rc.1(@deepseek-ai/cordis@4.0.1))))
      '@deepseek-ai/dsh-workspace':
        specifier: 0.1.5-rc.1
        version: 0.1.5-rc.1(be9e4620ed7dd4a57e054409ba7e7c0b)

packages:

  '@deepseek-ai/cordis@4.0.1':
    resolution: {integrity: sha512-YBdskTU2Po1kru3GgcUWUbkTsPMA9LkSQDAY8rBkFJeajdgcQad3QPJZE26JyK99Xb6HaASvoXg2DSUTeN/0Nw==}
    hasBin: true
    peerDependencies:
      '@deepseek-ai/cordis-plugin-include': ^1.0.6
      '@deepseek-ai/cordis-plugin-loader': ^1.0.2
    peerDependenciesMeta:
      '@deepseek-ai/cordis-plugin-include':
        optional: true
      '@deepseek-ai/cordis-plugin-loader':
        optional: true

  '@deepseek-ai/cosmokit@1.8.2':
    resolution: {integrity: sha512-muBOKtSrUKU5m/xpq8ZXWL6hQ/jgd4PhU2PqH97bcxIiLEJfNwZOGQEx4t/aS/GgxRAR+ra9pMHPMtTHU4sqqA==}

  '@deepseek-ai/cosmokit@1.8.3':
    resolution: {integrity: sha512-qBo+ronVM6Eu2WNVJXi8JcMiqZ19T9BRIpV+5qJUFPXjGH/Z0QKcQMC/IZJ7L394YTOtJgcovbk9qP0w2GsBXQ==}

  '@deepseek-ai/dsh-agent-loop-testkit@0.1.5-rc.1':
    resolution: {integrity: sha512-oeOiFQeODYrJCWict/IGSG80n2O2hgMnyDcdEzYsF38GGJ28Ivb2VX6zfyRzsTZLhi8uXODp62MM5p4vD704mg==}
    peerDependencies:
      '@deepseek-ai/cordis': ^4.0.2
      '@deepseek-ai/dsh-agent': ^0.1.5-rc.1
      '@deepseek-ai/dsh-agent-loop': ^0.1.5-rc.1
      '@deepseek-ai/dsh-llm': ^0.1.5-rc.1
      '@deepseek-ai/dsh-session': ^0.1.5-rc.1
      '@deepseek-ai/dsh-session-projection': ^0.1.5-rc.1
      '@deepseek-ai/dsh-system-prompt': ^0.1.5-rc.1
      '@deepseek-ai/dsh-tools': ^0.1.5-rc.1

  '@deepseek-ai/dsh-agent-loop@0.1.5-rc.1':
    resolution: {integrity: sha512-FcpsiXMHR7M3UwZtC6CYzhmU9xhvbFuuEQisfUqW7c+G6oVhrX9kg8ytI50jXZempcdmVHZLyNeUcuDmgGtx7Q==}
    peerDependencies:
      '@deepseek-ai/cordis': ^4.0.2
      '@deepseek-ai/dsh-agent': ^0.1.5-rc.1
      '@deepseek-ai/dsh-invariants': ^0.1.5-rc.1
      '@deepseek-ai/dsh-llm': ^0.1.5-rc.1
      '@deepseek-ai/dsh-scope': ^0.1.5-rc.1
      '@deepseek-ai/dsh-session': ^0.1.5-rc.1
      '@deepseek-ai/dsh-session-persistence': ^0.1.5-rc.1
      '@deepseek-ai/dsh-session-projection': ^0.1.5-rc.1
      '@deepseek-ai/dsh-settings': ^0.1.5-rc.1
      '@deepseek-ai/dsh-system-prompt': ^0.1.5-rc.1
      '@deepseek-ai/dsh-tools': ^0.1.5-rc.1

  '@deepseek-ai/dsh-agent@0.1.5-rc.1':
    resolution: {integrity: sha512-obIPyTSjq1y0Yhasm3mLhK5BW6Ge0VQoRT8FBt0ooLsct2+pFAjgyd7GP3KzFaz7zaEhQJ/NNEmCaU0KOsYutg==}
    peerDependencies:
      '@deepseek-ai/cordis': ^4.0.2
      '@deepseek-ai/dsh-invariants': ^0.1.5-rc.1
      '@deepseek-ai/dsh-llm': ^0.1.5-rc.1
      '@deepseek-ai/dsh-scope': ^0.1.5-rc.1
      '@deepseek-ai/dsh-session': ^0.1.5-rc.1
      '@deepseek-ai/dsh-session-projection': ^0.1.5-rc.1
      '@deepseek-ai/dsh-system-prompt': ^0.1.5-rc.1
      '@deepseek-ai/dsh-typert-protocol': ^0.1.5-rc.1
      '@deepseek-ai/dsh-util-values': ^0.1.5-rc.1

  '@deepseek-ai/dsh-attachment@0.1.5-rc.1':
    resolution: {integrity: sha512-uTBtB/LDlYgPI6i9Ac9jaK/bV1wN8cDTZBUkec80Yg3qMzW6K74wvBv5lPmoiXQgp4q3eOmDNEmodSS2ZxxVdg==}
    peerDependencies:
      '@deepseek-ai/cordis': ^4.0.2
      '@deepseek-ai/dsh-brand': ^0.1.5-rc.1

  '@deepseek-ai/dsh-brand@0.1.5-rc.1':
    resolution: {integrity: sha512-nfEsuSNghhrcvjMnjlPU55Z60K/5FjCRY4ZJtnc0SHR0PgoMl7N9I9+y4t2kDMe3rnEKlH2UgIGIZ/msGOYvpg==}
    peerDependencies:
      '@deepseek-ai/cordis': ^4.0.2

  '@deepseek-ai/dsh-code-runtime@0.1.5-rc.1':
    resolution: {integrity: sha512-DfqzMEQW42lVQjjQ6FCEmtzAuYGle1grxqrRPqdXhkDYe4aTSLJLEcqn7/BYZSI64/G1XQYvdS+jkYxbymbv3A==}
    peerDependencies:
      '@deepseek-ai/cordis': ^4.0.2

  '@deepseek-ai/dsh-invariants@0.1.5-rc.1':
    resolution: {integrity: sha512-iXhJJ3r34NHFEWiuc5pxXlU19hPfNclvH9Ll0X7CzQ39Oh/4UlfO3DBlLpBU7T9fE/y7/UkuI1aRt+dNeiVQsQ==}
    peerDependencies:
      '@deepseek-ai/cordis': ^4.0.2

  '@deepseek-ai/dsh-llm@0.1.5-rc.1':
    resolution: {integrity: sha512-KPKJFTNLjURphuF4NlS8DRK94CUYL/dKB8Hzg/22jtxAFO2paX3ifL0vhdPq9xPbcyplaF7LYlf0+3+pXFTnTg==}
    peerDependencies:
      '@deepseek-ai/cordis': ^4.0.2

  '@deepseek-ai/dsh-scope@0.1.5-rc.1':
    resolution: {integrity: sha512-HU6AGzCCWSQUS9KoDBAPkyQqgUVp+iI9P5Zn0qzLJv3IOdt6cYvxgjt/rORryuQUR9AUj7CGFO3OYw833H7HWA==}
    peerDependencies:
      '@deepseek-ai/cordis': ^4.0.2
      '@deepseek-ai/dsh-invariants': ^0.1.5-rc.1

  '@deepseek-ai/dsh-session-persistence@0.1.5-rc.1':
    resolution: {integrity: sha512-ZOFdFdsX5w4lWln1CO2ZzdnibEIOoPu58rlafw4xsLaPoR5mnceVnIuGIYr8qqaB7iv2f9ZLNaGtyHT/Wgpv0Q==}
    peerDependencies:
      '@deepseek-ai/cordis': ^4.0.2
      '@deepseek-ai/dsh-brand': ^0.1.5-rc.1
      '@deepseek-ai/dsh-session': ^0.1.5-rc.1
      '@deepseek-ai/dsh-timeout': ^0.1.5-rc.1

  '@deepseek-ai/dsh-session-projection@0.1.5-rc.1':
    resolution: {integrity: sha512-dwDS3ite9I1oOAPneA87ieHBd+szFNrTeMNF4XHRxexMbBWxNZUv62h714UMNlk2niGKsAKE56PzwlnWHmGwGg==}
    peerDependencies:
      '@deepseek-ai/cordis': ^4.0.2
      '@deepseek-ai/dsh-session': ^0.1.5-rc.1

  '@deepseek-ai/dsh-session@0.1.5-rc.1':
    resolution: {integrity: sha512-0YBBrzkCbVEJolS/OpD0DZMSozmYxUTZopiG76MXInjOFBW9J4ca1a8WUjJjqelP1nJTmWGKXp92HcvNEny0Dg==}
    peerDependencies:
      '@deepseek-ai/cordis': ^4.0.2
      '@deepseek-ai/dsh-scope': ^0.1.5-rc.1

  '@deepseek-ai/dsh-settings@0.1.5-rc.1':
    resolution: {integrity: sha512-9t6JlHwnMu7qTHpMVVRLyzfi7yWKlDozmh7Xbjjd5mmzY+dSdKTPsoRGSdGgTLvBMQBi0X2O8Kj2moDp30XKGg==}
    peerDependencies:
      '@deepseek-ai/cordis': ^4.0.2
      '@deepseek-ai/dsh-brand': ^0.1.5-rc.1
      '@deepseek-ai/dsh-invariants': ^0.1.5-rc.1
      '@deepseek-ai/dsh-session': ^0.1.5-rc.1
      '@deepseek-ai/schemastery': ^3.18.2

  '@deepseek-ai/dsh-storage-domain@0.1.5-rc.1':
    resolution: {integrity: sha512-pRubmMAyvllAgmKeS20asIwJHywXL79NyUVXC643pz70IJau8iRTTEbJ6sbN/w4DHsVo5ljm0/PZx4TJ72eAgg==}
    peerDependencies:
      '@deepseek-ai/cordis': ^4.0.2
      '@deepseek-ai/dsh-invariants': ^0.1.5-rc.1
      '@deepseek-ai/dsh-storage': ^0.1.5-rc.1

  '@deepseek-ai/dsh-storage@0.1.5-rc.1':
    resolution: {integrity: sha512-ng3Xjt6klE35kGH4yBzNfDL1XRVhlw1rC8YQ4aqv8yAMJqeIA1T2eyizyKBl6ewgpu4pzwyANWEHymWLbVQarw==}
    peerDependencies:
      '@deepseek-ai/cordis': ^4.0.2

  '@deepseek-ai/dsh-system-prompt@0.1.5-rc.1':
    resolution: {integrity: sha512-RAdO9biQoga1vAVTQY9J7THexiOE1FOd1Nli021MQt+Zf73c83BSd2DwXb0WDilLaMeSxZPaIRRqoXpJlpmLIA==}
    peerDependencies:
      '@deepseek-ai/cordis': ^4.0.2
      '@deepseek-ai/dsh-invariants': ^0.1.5-rc.1
      '@deepseek-ai/dsh-llm': ^0.1.5-rc.1
      '@deepseek-ai/dsh-scope': ^0.1.5-rc.1

  '@deepseek-ai/dsh-timeout@0.1.5-rc.1':
    resolution: {integrity: sha512-BcV4y/uCIm82VlIwuGsbLjAZXOxRBmjwusi637MV25hJhhGuWaKoMqAa0D/Lcfqu8hU+g3vgGJdpQvhHnG8sgQ==}
    peerDependencies:
      '@deepseek-ai/cordis': ^4.0.2

  '@deepseek-ai/dsh-tools@0.1.5-rc.1':
    resolution: {integrity: sha512-I5AUxKTqUrC0nvRO4UcpU+f65P+nKs5BUrS2nqZehhFZ2rVxhUAJ7YdORcY6pVkBTB15nPr5gK0WPgwyfS217w==}
    peerDependencies:
      '@deepseek-ai/cordis': ^4.0.2
      '@deepseek-ai/dsh-agent': ^0.1.5-rc.1
      '@deepseek-ai/dsh-code-runtime': ^0.1.5-rc.1
      '@deepseek-ai/dsh-invariants': ^0.1.5-rc.1
      '@deepseek-ai/dsh-llm': ^0.1.5-rc.1
      '@deepseek-ai/dsh-scope': ^0.1.5-rc.1
      '@deepseek-ai/dsh-session': ^0.1.5-rc.1
      '@deepseek-ai/dsh-system-prompt': ^0.1.5-rc.1
      '@deepseek-ai/dsh-user-approval': ^0.1.5-rc.1

  '@deepseek-ai/dsh-typert-protocol@0.1.5-rc.1':
    resolution: {integrity: sha512-HBxnSnvjiYPlir6An+/W+66dTRQnwpbNUbtOH6e5LHuV4CcHL5yrimTbMI04olJM9w2U9FyfwDOzmW6uqWjAew==}
    peerDependencies:
      '@deepseek-ai/cordis': ^4.0.2

  '@deepseek-ai/dsh-user-approval@0.1.5-rc.1':
    resolution: {integrity: sha512-fSxEBvHQnozIh5HV31t2BNodYzyv7iE2srna7p5k0Y/3R9c6DdoZyQZ9momcN9gloraq8HK5+cvrYHzgc4LYPQ==}
    peerDependencies:
      '@deepseek-ai/cordis': ^4.0.2
      '@deepseek-ai/dsh-agent': ^0.1.5-rc.1
      '@deepseek-ai/dsh-brand': ^0.1.5-rc.1
      '@deepseek-ai/dsh-invariants': ^0.1.5-rc.1
      '@deepseek-ai/dsh-llm': ^0.1.5-rc.1
      '@deepseek-ai/dsh-scope': ^0.1.5-rc.1
      '@deepseek-ai/dsh-session': ^0.1.5-rc.1
      '@deepseek-ai/dsh-system-prompt': ^0.1.5-rc.1

  '@deepseek-ai/dsh-util-crypto@0.1.5-rc.1':
    resolution: {integrity: sha512-8ZosLrwbXdsWRlZ/0Yu85GMhKbFHqGD+ayiFzABXGb3sxfG6nbQQWKtv1sRr77wJ6wYvM2R9rPOg+EDWkGocqQ==}
    peerDependencies:
      '@deepseek-ai/cordis': ^4.0.2

  '@deepseek-ai/dsh-util-values@0.1.5-rc.1':
    resolution: {integrity: sha512-iHH62b+Mc0ueLHn1OQGLOC6+WMqjyK2+wxCkaiQGoGHBAyRGQBnBWiFAOGxp2xIElCXsc1mU1nrkN8D6jppYQg==}
    peerDependencies:
      '@deepseek-ai/cordis': ^4.0.2

  '@deepseek-ai/dsh-workspace@0.1.5-rc.1':
    resolution: {integrity: sha512-RR/PLSnpW9OrWJ0np1DlvIfi9nTA2a1rLqeOsko6tI2yW3p8F82ZkdE3wZ8DWMTBru12VMkY8SiDhXOxPyihfA==}
    peerDependencies:
      '@deepseek-ai/cordis': ^4.0.2
      '@deepseek-ai/dsh-invariants': ^0.1.5-rc.1
      '@deepseek-ai/dsh-session': ^0.1.5-rc.1
      '@deepseek-ai/dsh-session-persistence': ^0.1.5-rc.1
      '@deepseek-ai/dsh-storage': ^0.1.5-rc.1
      '@deepseek-ai/dsh-storage-domain': ^0.1.5-rc.1
      '@deepseek-ai/dsh-typert-protocol': ^0.1.5-rc.1

  '@deepseek-ai/schemastery@3.18.2':
    resolution: {integrity: sha512-njDtZsznjYxok7KLLlHOPyuv2efdWVbSflAHgztSfbMsg+CVraEoRe2DjOCgClYv3ZCSm7WXoaUkbB/+RY7tWQ==}

  '@standard-schema/spec@1.1.0':
    resolution: {integrity: sha512-l2aFy5jALhniG5HgqrD6jXLi/rUWrKvqN/qJx6yoJsgKhblVd+iqqU4RCXavm/jPityDo5TCvKMnpjKnOriy0w==}

  zod@4.4.3:
    resolution: {integrity: sha512-ytENFjIJFl2UwYglde2jchW2Hwm4GJFLDiSXWdTrJQBIN9Fcyp7n4DhxJEiWNAJMV1/BqWfW/kkg71UDcHJyTQ==}

snapshots:

  '@deepseek-ai/cordis@4.0.1':
    dependencies:
      '@deepseek-ai/cosmokit': 1.8.2
      '@standard-schema/spec': 1.1.0

  '@deepseek-ai/cosmokit@1.8.2': {}

  '@deepseek-ai/cosmokit@1.8.3': {}

  '@deepseek-ai/dsh-agent-loop-testkit@0.1.5-rc.1(544f9cf49e8f51d25aac967cd43f000e)':
    dependencies:
      '@deepseek-ai/cordis': 4.0.1
      '@deepseek-ai/dsh-agent': 0.1.5-rc.1(200ea6df83029a161f4c60b2c6c5626d)
      '@deepseek-ai/dsh-agent-loop': 0.1.5-rc.1(255b839f1ca35bc651d75a2c495a8c9f)
      '@deepseek-ai/dsh-llm': 0.1.5-rc.1(@deepseek-ai/cordis@4.0.1)
      '@deepseek-ai/dsh-session': 0.1.5-rc.1(@deepseek-ai/cordis@4.0.1)(@deepseek-ai/dsh-scope@0.1.5-rc.1(@deepseek-ai/cordis@4.0.1)(@deepseek-ai/dsh-invariants@0.1.5-rc.1(@deepseek-ai/cordis@4.0.1)))
      '@deepseek-ai/dsh-session-projection': 0.1.5-rc.1(@deepseek-ai/cordis@4.0.1)(@deepseek-ai/dsh-session@0.1.5-rc.1(@deepseek-ai/cordis@4.0.1)(@deepseek-ai/dsh-scope@0.1.5-rc.1(@deepseek-ai/cordis@4.0.1)(@deepseek-ai/dsh-invariants@0.1.5-rc.1(@deepseek-ai/cordis@4.0.1))))
      '@deepseek-ai/dsh-system-prompt': 0.1.5-rc.1(@deepseek-ai/cordis@4.0.1)(@deepseek-ai/dsh-invariants@0.1.5-rc.1(@deepseek-ai/cordis@4.0.1))(@deepseek-ai/dsh-llm@0.1.5-rc.1(@deepseek-ai/cordis@4.0.1))(@deepseek-ai/dsh-scope@0.1.5-rc.1(@deepseek-ai/cordis@4.0.1)(@deepseek-ai/dsh-invariants@0.1.5-rc.1(@deepseek-ai/cordis@4.0.1)))
      '@deepseek-ai/dsh-tools': 0.1.5-rc.1(6b98f52fb6d29398e336a18132d5935a)

  '@deepseek-ai/dsh-agent-loop@0.1.5-rc.1(255b839f1ca35bc651d75a2c495a8c9f)':
    dependencies:
      '@deepseek-ai/cordis': 4.0.1
      '@deepseek-ai/dsh-agent': 0.1.5-rc.1(200ea6df83029a161f4c60b2c6c5626d)
      '@deepseek-ai/dsh-brand': 0.1.5-rc.1(@deepseek-ai/cordis@4.0.1)
      '@deepseek-ai/dsh-invariants': 0.1.5-rc.1(@deepseek-ai/cordis@4.0.1)
      '@deepseek-ai/dsh-llm': 0.1.5-rc.1(@deepseek-ai/cordis@4.0.1)
      '@deepseek-ai/dsh-scope': 0.1.5-rc.1(@deepseek-ai/cordis@4.0.1)(@deepseek-ai/dsh-invariants@0.1.5-rc.1(@deepseek-ai/cordis@4.0.1))
      '@deepseek-ai/dsh-session': 0.1.5-rc.1(@deepseek-ai/cordis@4.0.1)(@deepseek-ai/dsh-scope@0.1.5-rc.1(@deepseek-ai/cordis@4.0.1)(@deepseek-ai/dsh-invariants@0.1.5-rc.1(@deepseek-ai/cordis@4.0.1)))
      '@deepseek-ai/dsh-session-persistence': 0.1.5-rc.1(@deepseek-ai/cordis@4.0.1)(@deepseek-ai/dsh-brand@0.1.5-rc.1(@deepseek-ai/cordis@4.0.1))(@deepseek-ai/dsh-session@0.1.5-rc.1(@deepseek-ai/cordis@4.0.1)(@deepseek-ai/dsh-scope@0.1.5-rc.1(@deepseek-ai/cordis@4.0.1)(@deepseek-ai/dsh-invariants@0.1.5-rc.1(@deepseek-ai/cordis@4.0.1))))(@deepseek-ai/dsh-timeout@0.1.5-rc.1(@deepseek-ai/cordis@4.0.1))
      '@deepseek-ai/dsh-session-projection': 0.1.5-rc.1(@deepseek-ai/cordis@4.0.1)(@deepseek-ai/dsh-session@0.1.5-rc.1(@deepseek-ai/cordis@4.0.1)(@deepseek-ai/dsh-scope@0.1.5-rc.1(@deepseek-ai/cordis@4.0.1)(@deepseek-ai/dsh-invariants@0.1.5-rc.1(@deepseek-ai/cordis@4.0.1))))
      '@deepseek-ai/dsh-settings': 0.1.5-rc.1(@deepseek-ai/cordis@4.0.1)(@deepseek-ai/dsh-brand@0.1.5-rc.1(@deepseek-ai/cordis@4.0.1))(@deepseek-ai/dsh-invariants@0.1.5-rc.1(@deepseek-ai/cordis@4.0.1))(@deepseek-ai/dsh-session@0.1.5-rc.1(@deepseek-ai/cordis@4.0.1)(@deepseek-ai/dsh-scope@0.1.5-rc.1(@deepseek-ai/cordis@4.0.1)(@deepseek-ai/dsh-invariants@0.1.5-rc.1(@deepseek-ai/cordis@4.0.1))))(@deepseek-ai/schemastery@3.18.2)
      '@deepseek-ai/dsh-system-prompt': 0.1.5-rc.1(@deepseek-ai/cordis@4.0.1)(@deepseek-ai/dsh-invariants@0.1.5-rc.1(@deepseek-ai/cordis@4.0.1))(@deepseek-ai/dsh-llm@0.1.5-rc.1(@deepseek-ai/cordis@4.0.1))(@deepseek-ai/dsh-scope@0.1.5-rc.1(@deepseek-ai/cordis@4.0.1)(@deepseek-ai/dsh-invariants@0.1.5-rc.1(@deepseek-ai/cordis@4.0.1)))
      '@deepseek-ai/dsh-tools': 0.1.5-rc.1(6b98f52fb6d29398e336a18132d5935a)
      '@deepseek-ai/dsh-util-values': 0.1.5-rc.1(@deepseek-ai/cordis@4.0.1)
      '@deepseek-ai/schemastery': 3.18.2
      zod: 4.4.3

  '@deepseek-ai/dsh-agent@0.1.5-rc.1(200ea6df83029a161f4c60b2c6c5626d)':
    dependencies:
      '@deepseek-ai/cordis': 4.0.1
      '@deepseek-ai/dsh-invariants': 0.1.5-rc.1(@deepseek-ai/cordis@4.0.1)
      '@deepseek-ai/dsh-llm': 0.1.5-rc.1(@deepseek-ai/cordis@4.0.1)
      '@deepseek-ai/dsh-scope': 0.1.5-rc.1(@deepseek-ai/cordis@4.0.1)(@deepseek-ai/dsh-invariants@0.1.5-rc.1(@deepseek-ai/cordis@4.0.1))
      '@deepseek-ai/dsh-session': 0.1.5-rc.1(@deepseek-ai/cordis@4.0.1)(@deepseek-ai/dsh-scope@0.1.5-rc.1(@deepseek-ai/cordis@4.0.1)(@deepseek-ai/dsh-invariants@0.1.5-rc.1(@deepseek-ai/cordis@4.0.1)))
      '@deepseek-ai/dsh-session-projection': 0.1.5-rc.1(@deepseek-ai/cordis@4.0.1)(@deepseek-ai/dsh-session@0.1.5-rc.1(@deepseek-ai/cordis@4.0.1)(@deepseek-ai/dsh-scope@0.1.5-rc.1(@deepseek-ai/cordis@4.0.1)(@deepseek-ai/dsh-invariants@0.1.5-rc.1(@deepseek-ai/cordis@4.0.1))))
      '@deepseek-ai/dsh-system-prompt': 0.1.5-rc.1(@deepseek-ai/cordis@4.0.1)(@deepseek-ai/dsh-invariants@0.1.5-rc.1(@deepseek-ai/cordis@4.0.1))(@deepseek-ai/dsh-llm@0.1.5-rc.1(@deepseek-ai/cordis@4.0.1))(@deepseek-ai/dsh-scope@0.1.5-rc.1(@deepseek-ai/cordis@4.0.1)(@deepseek-ai/dsh-invariants@0.1.5-rc.1(@deepseek-ai/cordis@4.0.1)))
      '@deepseek-ai/dsh-typert-protocol': 0.1.5-rc.1(@deepseek-ai/cordis@4.0.1)
      '@deepseek-ai/dsh-util-values': 0.1.5-rc.1(@deepseek-ai/cordis@4.0.1)

  '@deepseek-ai/dsh-attachment@0.1.5-rc.1(@deepseek-ai/cordis@4.0.1)(@deepseek-ai/dsh-brand@0.1.5-rc.1(@deepseek-ai/cordis@4.0.1))':
    dependencies:
      '@deepseek-ai/cordis': 4.0.1
      '@deepseek-ai/dsh-brand': 0.1.5-rc.1(@deepseek-ai/cordis@4.0.1)

  '@deepseek-ai/dsh-brand@0.1.5-rc.1(@deepseek-ai/cordis@4.0.1)':
    dependencies:
      '@deepseek-ai/cordis': 4.0.1

  '@deepseek-ai/dsh-code-runtime@0.1.5-rc.1(@deepseek-ai/cordis@4.0.1)':
    dependencies:
      '@deepseek-ai/cordis': 4.0.1

  '@deepseek-ai/dsh-invariants@0.1.5-rc.1(@deepseek-ai/cordis@4.0.1)':
    dependencies:
      '@deepseek-ai/cordis': 4.0.1
      '@deepseek-ai/schemastery': 3.18.2

  '@deepseek-ai/dsh-llm@0.1.5-rc.1(@deepseek-ai/cordis@4.0.1)':
    dependencies:
      '@deepseek-ai/cordis': 4.0.1
      '@deepseek-ai/dsh-brand': 0.1.5-rc.1(@deepseek-ai/cordis@4.0.1)
      '@deepseek-ai/dsh-timeout': 0.1.5-rc.1(@deepseek-ai/cordis@4.0.1)
      '@deepseek-ai/dsh-typert-protocol': 0.1.5-rc.1(@deepseek-ai/cordis@4.0.1)
      '@deepseek-ai/dsh-util-crypto': 0.1.5-rc.1(@deepseek-ai/cordis@4.0.1)
      '@deepseek-ai/dsh-util-values': 0.1.5-rc.1(@deepseek-ai/cordis@4.0.1)
      '@deepseek-ai/schemastery': 3.18.2
      zod: 4.4.3

  '@deepseek-ai/dsh-scope@0.1.5-rc.1(@deepseek-ai/cordis@4.0.1)(@deepseek-ai/dsh-invariants@0.1.5-rc.1(@deepseek-ai/cordis@4.0.1))':
    dependencies:
      '@deepseek-ai/cordis': 4.0.1
      '@deepseek-ai/dsh-invariants': 0.1.5-rc.1(@deepseek-ai/cordis@4.0.1)

  '@deepseek-ai/dsh-session-persistence@0.1.5-rc.1(@deepseek-ai/cordis@4.0.1)(@deepseek-ai/dsh-brand@0.1.5-rc.1(@deepseek-ai/cordis@4.0.1))(@deepseek-ai/dsh-session@0.1.5-rc.1(@deepseek-ai/cordis@4.0.1)(@deepseek-ai/dsh-scope@0.1.5-rc.1(@deepseek-ai/cordis@4.0.1)(@deepseek-ai/dsh-invariants@0.1.5-rc.1(@deepseek-ai/cordis@4.0.1))))(@deepseek-ai/dsh-timeout@0.1.5-rc.1(@deepseek-ai/cordis@4.0.1))':
    dependencies:
      '@deepseek-ai/cordis': 4.0.1
      '@deepseek-ai/dsh-brand': 0.1.5-rc.1(@deepseek-ai/cordis@4.0.1)
      '@deepseek-ai/dsh-session': 0.1.5-rc.1(@deepseek-ai/cordis@4.0.1)(@deepseek-ai/dsh-scope@0.1.5-rc.1(@deepseek-ai/cordis@4.0.1)(@deepseek-ai/dsh-invariants@0.1.5-rc.1(@deepseek-ai/cordis@4.0.1)))
      '@deepseek-ai/dsh-timeout': 0.1.5-rc.1(@deepseek-ai/cordis@4.0.1)
      '@deepseek-ai/dsh-util-values': 0.1.5-rc.1(@deepseek-ai/cordis@4.0.1)

  '@deepseek-ai/dsh-session-projection@0.1.5-rc.1(@deepseek-ai/cordis@4.0.1)(@deepseek-ai/dsh-session@0.1.5-rc.1(@deepseek-ai/cordis@4.0.1)(@deepseek-ai/dsh-scope@0.1.5-rc.1(@deepseek-ai/cordis@4.0.1)(@deepseek-ai/dsh-invariants@0.1.5-rc.1(@deepseek-ai/cordis@4.0.1))))':
    dependencies:
      '@deepseek-ai/cordis': 4.0.1
      '@deepseek-ai/dsh-session': 0.1.5-rc.1(@deepseek-ai/cordis@4.0.1)(@deepseek-ai/dsh-scope@0.1.5-rc.1(@deepseek-ai/cordis@4.0.1)(@deepseek-ai/dsh-invariants@0.1.5-rc.1(@deepseek-ai/cordis@4.0.1)))
      zod: 4.4.3

  '@deepseek-ai/dsh-session@0.1.5-rc.1(@deepseek-ai/cordis@4.0.1)(@deepseek-ai/dsh-scope@0.1.5-rc.1(@deepseek-ai/cordis@4.0.1)(@deepseek-ai/dsh-invariants@0.1.5-rc.1(@deepseek-ai/cordis@4.0.1)))':
    dependencies:
      '@deepseek-ai/cordis': 4.0.1
      '@deepseek-ai/dsh-brand': 0.1.5-rc.1(@deepseek-ai/cordis@4.0.1)
      '@deepseek-ai/dsh-llm': 0.1.5-rc.1(@deepseek-ai/cordis@4.0.1)
      '@deepseek-ai/dsh-scope': 0.1.5-rc.1(@deepseek-ai/cordis@4.0.1)(@deepseek-ai/dsh-invariants@0.1.5-rc.1(@deepseek-ai/cordis@4.0.1))
      '@deepseek-ai/dsh-util-values': 0.1.5-rc.1(@deepseek-ai/cordis@4.0.1)

  '@deepseek-ai/dsh-settings@0.1.5-rc.1(@deepseek-ai/cordis@4.0.1)(@deepseek-ai/dsh-brand@0.1.5-rc.1(@deepseek-ai/cordis@4.0.1))(@deepseek-ai/dsh-invariants@0.1.5-rc.1(@deepseek-ai/cordis@4.0.1))(@deepseek-ai/dsh-session@0.1.5-rc.1(@deepseek-ai/cordis@4.0.1)(@deepseek-ai/dsh-scope@0.1.5-rc.1(@deepseek-ai/cordis@4.0.1)(@deepseek-ai/dsh-invariants@0.1.5-rc.1(@deepseek-ai/cordis@4.0.1))))(@deepseek-ai/schemastery@3.18.2)':
    dependencies:
      '@deepseek-ai/cordis': 4.0.1
      '@deepseek-ai/dsh-brand': 0.1.5-rc.1(@deepseek-ai/cordis@4.0.1)
      '@deepseek-ai/dsh-invariants': 0.1.5-rc.1(@deepseek-ai/cordis@4.0.1)
      '@deepseek-ai/dsh-session': 0.1.5-rc.1(@deepseek-ai/cordis@4.0.1)(@deepseek-ai/dsh-scope@0.1.5-rc.1(@deepseek-ai/cordis@4.0.1)(@deepseek-ai/dsh-invariants@0.1.5-rc.1(@deepseek-ai/cordis@4.0.1)))
      '@deepseek-ai/dsh-util-values': 0.1.5-rc.1(@deepseek-ai/cordis@4.0.1)
      '@deepseek-ai/schemastery': 3.18.2

  '@deepseek-ai/dsh-storage-domain@0.1.5-rc.1(@deepseek-ai/cordis@4.0.1)(@deepseek-ai/dsh-invariants@0.1.5-rc.1(@deepseek-ai/cordis@4.0.1))(@deepseek-ai/dsh-storage@0.1.5-rc.1(@deepseek-ai/cordis@4.0.1))':
    dependencies:
      '@deepseek-ai/cordis': 4.0.1
      '@deepseek-ai/dsh-invariants': 0.1.5-rc.1(@deepseek-ai/cordis@4.0.1)
      '@deepseek-ai/dsh-storage': 0.1.5-rc.1(@deepseek-ai/cordis@4.0.1)
      '@deepseek-ai/schemastery': 3.18.2
      zod: 4.4.3

  '@deepseek-ai/dsh-storage@0.1.5-rc.1(@deepseek-ai/cordis@4.0.1)':
    dependencies:
      '@deepseek-ai/cordis': 4.0.1

  '@deepseek-ai/dsh-system-prompt@0.1.5-rc.1(@deepseek-ai/cordis@4.0.1)(@deepseek-ai/dsh-invariants@0.1.5-rc.1(@deepseek-ai/cordis@4.0.1))(@deepseek-ai/dsh-llm@0.1.5-rc.1(@deepseek-ai/cordis@4.0.1))(@deepseek-ai/dsh-scope@0.1.5-rc.1(@deepseek-ai/cordis@4.0.1)(@deepseek-ai/dsh-invariants@0.1.5-rc.1(@deepseek-ai/cordis@4.0.1)))':
    dependencies:
      '@deepseek-ai/cordis': 4.0.1
      '@deepseek-ai/dsh-invariants': 0.1.5-rc.1(@deepseek-ai/cordis@4.0.1)
      '@deepseek-ai/dsh-llm': 0.1.5-rc.1(@deepseek-ai/cordis@4.0.1)
      '@deepseek-ai/dsh-scope': 0.1.5-rc.1(@deepseek-ai/cordis@4.0.1)(@deepseek-ai/dsh-invariants@0.1.5-rc.1(@deepseek-ai/cordis@4.0.1))
      '@deepseek-ai/schemastery': 3.18.2

  '@deepseek-ai/dsh-timeout@0.1.5-rc.1(@deepseek-ai/cordis@4.0.1)':
    dependencies:
      '@deepseek-ai/cordis': 4.0.1

  '@deepseek-ai/dsh-tools@0.1.5-rc.1(6b98f52fb6d29398e336a18132d5935a)':
    dependencies:
      '@deepseek-ai/cordis': 4.0.1
      '@deepseek-ai/dsh-agent': 0.1.5-rc.1(200ea6df83029a161f4c60b2c6c5626d)
      '@deepseek-ai/dsh-brand': 0.1.5-rc.1(@deepseek-ai/cordis@4.0.1)
      '@deepseek-ai/dsh-code-runtime': 0.1.5-rc.1(@deepseek-ai/cordis@4.0.1)
      '@deepseek-ai/dsh-invariants': 0.1.5-rc.1(@deepseek-ai/cordis@4.0.1)
      '@deepseek-ai/dsh-llm': 0.1.5-rc.1(@deepseek-ai/cordis@4.0.1)
      '@deepseek-ai/dsh-scope': 0.1.5-rc.1(@deepseek-ai/cordis@4.0.1)(@deepseek-ai/dsh-invariants@0.1.5-rc.1(@deepseek-ai/cordis@4.0.1))
      '@deepseek-ai/dsh-session': 0.1.5-rc.1(@deepseek-ai/cordis@4.0.1)(@deepseek-ai/dsh-scope@0.1.5-rc.1(@deepseek-ai/cordis@4.0.1)(@deepseek-ai/dsh-invariants@0.1.5-rc.1(@deepseek-ai/cordis@4.0.1)))
      '@deepseek-ai/dsh-system-prompt': 0.1.5-rc.1(@deepseek-ai/cordis@4.0.1)(@deepseek-ai/dsh-invariants@0.1.5-rc.1(@deepseek-ai/cordis@4.0.1))(@deepseek-ai/dsh-llm@0.1.5-rc.1(@deepseek-ai/cordis@4.0.1))(@deepseek-ai/dsh-scope@0.1.5-rc.1(@deepseek-ai/cordis@4.0.1)(@deepseek-ai/dsh-invariants@0.1.5-rc.1(@deepseek-ai/cordis@4.0.1)))
      '@deepseek-ai/dsh-user-approval': 0.1.5-rc.1(@deepseek-ai/cordis@4.0.1)(@deepseek-ai/dsh-agent@0.1.5-rc.1(200ea6df83029a161f4c60b2c6c5626d))(@deepseek-ai/dsh-brand@0.1.5-rc.1(@deepseek-ai/cordis@4.0.1))(@deepseek-ai/dsh-invariants@0.1.5-rc.1(@deepseek-ai/cordis@4.0.1))(@deepseek-ai/dsh-llm@0.1.5-rc.1(@deepseek-ai/cordis@4.0.1))(@deepseek-ai/dsh-scope@0.1.5-rc.1(@deepseek-ai/cordis@4.0.1)(@deepseek-ai/dsh-invariants@0.1.5-rc.1(@deepseek-ai/cordis@4.0.1)))(@deepseek-ai/dsh-session@0.1.5-rc.1(@deepseek-ai/cordis@4.0.1)(@deepseek-ai/dsh-scope@0.1.5-rc.1(@deepseek-ai/cordis@4.0.1)(@deepseek-ai/dsh-invariants@0.1.5-rc.1(@deepseek-ai/cordis@4.0.1))))(@deepseek-ai/dsh-system-prompt@0.1.5-rc.1(@deepseek-ai/cordis@4.0.1)(@deepseek-ai/dsh-invariants@0.1.5-rc.1(@deepseek-ai/cordis@4.0.1))(@deepseek-ai/dsh-llm@0.1.5-rc.1(@deepseek-ai/cordis@4.0.1))(@deepseek-ai/dsh-scope@0.1.5-rc.1(@deepseek-ai/cordis@4.0.1)(@deepseek-ai/dsh-invariants@0.1.5-rc.1(@deepseek-ai/cordis@4.0.1))))
      '@deepseek-ai/dsh-util-values': 0.1.5-rc.1(@deepseek-ai/cordis@4.0.1)
      '@deepseek-ai/schemastery': 3.18.2

  '@deepseek-ai/dsh-typert-protocol@0.1.5-rc.1(@deepseek-ai/cordis@4.0.1)':
    dependencies:
      '@deepseek-ai/cordis': 4.0.1

  '@deepseek-ai/dsh-user-approval@0.1.5-rc.1(@deepseek-ai/cordis@4.0.1)(@deepseek-ai/dsh-agent@0.1.5-rc.1(200ea6df83029a161f4c60b2c6c5626d))(@deepseek-ai/dsh-brand@0.1.5-rc.1(@deepseek-ai/cordis@4.0.1))(@deepseek-ai/dsh-invariants@0.1.5-rc.1(@deepseek-ai/cordis@4.0.1))(@deepseek-ai/dsh-llm@0.1.5-rc.1(@deepseek-ai/cordis@4.0.1))(@deepseek-ai/dsh-scope@0.1.5-rc.1(@deepseek-ai/cordis@4.0.1)(@deepseek-ai/dsh-invariants@0.1.5-rc.1(@deepseek-ai/cordis@4.0.1)))(@deepseek-ai/dsh-session@0.1.5-rc.1(@deepseek-ai/cordis@4.0.1)(@deepseek-ai/dsh-scope@0.1.5-rc.1(@deepseek-ai/cordis@4.0.1)(@deepseek-ai/dsh-invariants@0.1.5-rc.1(@deepseek-ai/cordis@4.0.1))))(@deepseek-ai/dsh-system-prompt@0.1.5-rc.1(@deepseek-ai/cordis@4.0.1)(@deepseek-ai/dsh-invariants@0.1.5-rc.1(@deepseek-ai/cordis@4.0.1))(@deepseek-ai/dsh-llm@0.1.5-rc.1(@deepseek-ai/cordis@4.0.1))(@deepseek-ai/dsh-scope@0.1.5-rc.1(@deepseek-ai/cordis@4.0.1)(@deepseek-ai/dsh-invariants@0.1.5-rc.1(@deepseek-ai/cordis@4.0.1))))':
    dependencies:
      '@deepseek-ai/cordis': 4.0.1
      '@deepseek-ai/dsh-agent': 0.1.5-rc.1(200ea6df83029a161f4c60b2c6c5626d)
      '@deepseek-ai/dsh-brand': 0.1.5-rc.1(@deepseek-ai/cordis@4.0.1)
      '@deepseek-ai/dsh-invariants': 0.1.5-rc.1(@deepseek-ai/cordis@4.0.1)
      '@deepseek-ai/dsh-llm': 0.1.5-rc.1(@deepseek-ai/cordis@4.0.1)
      '@deepseek-ai/dsh-scope': 0.1.5-rc.1(@deepseek-ai/cordis@4.0.1)(@deepseek-ai/dsh-invariants@0.1.5-rc.1(@deepseek-ai/cordis@4.0.1))
      '@deepseek-ai/dsh-session': 0.1.5-rc.1(@deepseek-ai/cordis@4.0.1)(@deepseek-ai/dsh-scope@0.1.5-rc.1(@deepseek-ai/cordis@4.0.1)(@deepseek-ai/dsh-invariants@0.1.5-rc.1(@deepseek-ai/cordis@4.0.1)))
      '@deepseek-ai/dsh-system-prompt': 0.1.5-rc.1(@deepseek-ai/cordis@4.0.1)(@deepseek-ai/dsh-invariants@0.1.5-rc.1(@deepseek-ai/cordis@4.0.1))(@deepseek-ai/dsh-llm@0.1.5-rc.1(@deepseek-ai/cordis@4.0.1))(@deepseek-ai/dsh-scope@0.1.5-rc.1(@deepseek-ai/cordis@4.0.1)(@deepseek-ai/dsh-invariants@0.1.5-rc.1(@deepseek-ai/cordis@4.0.1)))
      '@deepseek-ai/schemastery': 3.18.2

  '@deepseek-ai/dsh-util-crypto@0.1.5-rc.1(@deepseek-ai/cordis@4.0.1)':
    dependencies:
      '@deepseek-ai/cordis': 4.0.1

  '@deepseek-ai/dsh-util-values@0.1.5-rc.1(@deepseek-ai/cordis@4.0.1)':
    dependencies:
      '@deepseek-ai/cordis': 4.0.1

  '@deepseek-ai/dsh-workspace@0.1.5-rc.1(be9e4620ed7dd4a57e054409ba7e7c0b)':
    dependencies:
      '@deepseek-ai/cordis': 4.0.1
      '@deepseek-ai/dsh-brand': 0.1.5-rc.1(@deepseek-ai/cordis@4.0.1)
      '@deepseek-ai/dsh-invariants': 0.1.5-rc.1(@deepseek-ai/cordis@4.0.1)
      '@deepseek-ai/dsh-session': 0.1.5-rc.1(@deepseek-ai/cordis@4.0.1)(@deepseek-ai/dsh-scope@0.1.5-rc.1(@deepseek-ai/cordis@4.0.1)(@deepseek-ai/dsh-invariants@0.1.5-rc.1(@deepseek-ai/cordis@4.0.1)))
      '@deepseek-ai/dsh-session-persistence': 0.1.5-rc.1(@deepseek-ai/cordis@4.0.1)(@deepseek-ai/dsh-brand@0.1.5-rc.1(@deepseek-ai/cordis@4.0.1))(@deepseek-ai/dsh-session@0.1.5-rc.1(@deepseek-ai/cordis@4.0.1)(@deepseek-ai/dsh-scope@0.1.5-rc.1(@deepseek-ai/cordis@4.0.1)(@deepseek-ai/dsh-invariants@0.1.5-rc.1(@deepseek-ai/cordis@4.0.1))))(@deepseek-ai/dsh-timeout@0.1.5-rc.1(@deepseek-ai/cordis@4.0.1))
      '@deepseek-ai/dsh-storage': 0.1.5-rc.1(@deepseek-ai/cordis@4.0.1)
      '@deepseek-ai/dsh-storage-domain': 0.1.5-rc.1(@deepseek-ai/cordis@4.0.1)(@deepseek-ai/dsh-invariants@0.1.5-rc.1(@deepseek-ai/cordis@4.0.1))(@deepseek-ai/dsh-storage@0.1.5-rc.1(@deepseek-ai/cordis@4.0.1))
      '@deepseek-ai/dsh-typert-protocol': 0.1.5-rc.1(@deepseek-ai/cordis@4.0.1)
      zod: 4.4.3

  '@deepseek-ai/schemastery@3.18.2':
    dependencies:
      '@deepseek-ai/cosmokit': 1.8.3
      '@standard-schema/spec': 1.1.0

  '@standard-schema/spec@1.1.0': {}

  zod@4.4.3: {}
